
Microsoft Visual Studio Solution File, Format Version 12.00
# Visual Studio Version 16
VisualStudioVersion = 16.0.30503.244
MinimumVisualStudioVersion = 10.0.40219.1
Project("{FAE04EC0-301F-11D3-BF4B-00C04F79EFBC}") = "phone", "phone.csproj", "{7291CAD4-63F9-4EB0-BE6C-ED594FDEBAA0}"
EndProject
Global
	GlobalSection(SolutionConfigurationPlatforms) = preSolution
		Debug|Any CPU = Debug|Any CPU
		Release|Any CPU = Release|Any CPU
	EndGlobalSection
	GlobalSection(ProjectConfigurationPlatforms) = postSolution
		{7291CAD4-63F9-4EB0-BE6C-ED594FDEBAA0}.Debug|Any CPU.ActiveCfg = Debug|Any CPU
		{7291CAD4-63F9-4EB0-BE6C-ED594FDEBAA0}.Debug|Any CPU.Build.0 = Debug|Any CPU
		{7291CAD4-63F9-4EB0-BE6C-ED594FDEBAA0}.Release|Any CPU.ActiveCfg = Release|Any CPU
		{7291CAD4-63F9-4EB0-BE6C-ED594FDEBAA0}.Release|Any CPU.Build.0 = Release|Any CPU
	EndGlobalSection
	GlobalSection(SolutionProperties) = preSolution
		HideSolutionNode = FALSE
	EndGlobalSection
	GlobalSection(ExtensibilityGlobals) = postSolution
		SolutionGuid = {36A12479-C708-4784-83AA-7A25D2713B2F}
	EndGlobalSection
EndGlobal
