
Microsoft Visual Studio Solution File, Format Version 12.00
# Visual Studio Version 16
VisualStudioVersion = 16.0.30503.244
MinimumVisualStudioVersion = 10.0.40219.1
Project("{FAE04EC0-301F-11D3-BF4B-00C04F79EFBC}") = "phone", "phone.csproj", "{7291CAD4-63F9-4EB0-BE6C-ED594FDEBAA0}"
EndProject
Project("{6141683F-8A12-4E36-9623-2EB02B2C2303}") = "PhoneBook of Alirezakatani", "..\Calculator of Alirezakatani\PhoneBook of Alirezakatani.isproj", "{9CA497F3-8CC9-4611-940A-0C0EAA122EA7}"
	ProjectSection(ProjectDependencies) = postProject
		{7291CAD4-63F9-4EB0-BE6C-ED594FDEBAA0} = {7291CAD4-63F9-4EB0-BE6C-ED594FDEBAA0}
	EndProjectSection
EndProject
Global
	GlobalSection(SolutionConfigurationPlatforms) = preSolution
		CD_ROM|Any CPU = CD_ROM|Any CPU
		Debug|Any CPU = Debug|Any CPU
		DVD-5|Any CPU = DVD-5|Any CPU
		Release|Any CPU = Release|Any CPU
		SingleImage|Any CPU = SingleImage|Any CPU
	EndGlobalSection
	GlobalSection(ProjectConfigurationPlatforms) = postSolution
		{7291CAD4-63F9-4EB0-BE6C-ED594FDEBAA0}.CD_ROM|Any CPU.ActiveCfg = Release|Any CPU
		{7291CAD4-63F9-4EB0-BE6C-ED594FDEBAA0}.CD_ROM|Any CPU.Build.0 = Release|Any CPU
		{7291CAD4-63F9-4EB0-BE6C-ED594FDEBAA0}.Debug|Any CPU.ActiveCfg = Debug|Any CPU
		{7291CAD4-63F9-4EB0-BE6C-ED594FDEBAA0}.Debug|Any CPU.Build.0 = Debug|Any CPU
		{7291CAD4-63F9-4EB0-BE6C-ED594FDEBAA0}.DVD-5|Any CPU.ActiveCfg = Debug|Any CPU
		{7291CAD4-63F9-4EB0-BE6C-ED594FDEBAA0}.DVD-5|Any CPU.Build.0 = Debug|Any CPU
		{7291CAD4-63F9-4EB0-BE6C-ED594FDEBAA0}.Release|Any CPU.ActiveCfg = Release|Any CPU
		{7291CAD4-63F9-4EB0-BE6C-ED594FDEBAA0}.Release|Any CPU.Build.0 = Release|Any CPU
		{7291CAD4-63F9-4EB0-BE6C-ED594FDEBAA0}.SingleImage|Any CPU.ActiveCfg = Release|Any CPU
		{7291CAD4-63F9-4EB0-BE6C-ED594FDEBAA0}.SingleImage|Any CPU.Build.0 = Release|Any CPU
		{9CA497F3-8CC9-4611-940A-0C0EAA122EA7}.CD_ROM|Any CPU.ActiveCfg = CD_ROM
		{9CA497F3-8CC9-4611-940A-0C0EAA122EA7}.CD_ROM|Any CPU.Build.0 = CD_ROM
		{9CA497F3-8CC9-4611-940A-0C0EAA122EA7}.Debug|Any CPU.ActiveCfg = DVD-5
		{9CA497F3-8CC9-4611-940A-0C0EAA122EA7}.Debug|Any CPU.Build.0 = DVD-5
		{9CA497F3-8CC9-4611-940A-0C0EAA122EA7}.DVD-5|Any CPU.ActiveCfg = DVD-5
		{9CA497F3-8CC9-4611-940A-0C0EAA122EA7}.DVD-5|Any CPU.Build.0 = DVD-5
		{9CA497F3-8CC9-4611-940A-0C0EAA122EA7}.Release|Any CPU.ActiveCfg = CD_ROM
		{9CA497F3-8CC9-4611-940A-0C0EAA122EA7}.Release|Any CPU.Build.0 = CD_ROM
		{9CA497F3-8CC9-4611-940A-0C0EAA122EA7}.SingleImage|Any CPU.ActiveCfg = SingleImage
		{9CA497F3-8CC9-4611-940A-0C0EAA122EA7}.SingleImage|Any CPU.Build.0 = SingleImage
	EndGlobalSection
	GlobalSection(SolutionProperties) = preSolution
		HideSolutionNode = FALSE
	EndGlobalSection
	GlobalSection(ExtensibilityGlobals) = postSolution
		SolutionGuid = {36A12479-C708-4784-83AA-7A25D2713B2F}
	EndGlobalSection
EndGlobal
